# THIS IS AN AUTOGENERATED FILE. DO NOT EDIT THIS FILE DIRECTLY.
# yarn lockfile v1


style-attr@^1.2.0:
  version "1.2.0"
  resolved "https://registry.yarnpkg.com/style-attr/-/style-attr-1.2.0.tgz#a54ce15210325dce7f3831daa2b8236878919f1f"

zwip@^1.0.2:
  version "1.0.2"
  resolved "https://registry.yarnpkg.com/zwip/-/zwip-1.0.2.tgz#682e3ff6793719386b676a15925d4ee10847cac3"
